
Microsoft Visual Studio Solution File, Format Version 12.00
# Visual Studio 2012
Project("{FAE04EC0-301F-11D3-BF4B-00C04F79EFBC}") = "glimpse", "glimpse\glimpse.csproj", "{42209687-FE29-4378-8D77-80D5DB3FE1AE}"
EndProject
Project("{FAE04EC0-301F-11D3-BF4B-00C04F79EFBC}") = "glimpse.Tests", "glimpse.Tests\glimpse.Tests.csproj", "{1AE7FCC5-CC81-460E-A9FE-B9FB8913C1A2}"
EndProject
Global
	GlobalSection(SolutionConfigurationPlatforms) = preSolution
		Debug|Any CPU = Debug|Any CPU
		Release|Any CPU = Release|Any CPU
	EndGlobalSection
	GlobalSection(ProjectConfigurationPlatforms) = postSolution
		{42209687-FE29-4378-8D77-80D5DB3FE1AE}.Debug|Any CPU.ActiveCfg = Debug|Any CPU
		{42209687-FE29-4378-8D77-80D5DB3FE1AE}.Debug|Any CPU.Build.0 = Debug|Any CPU
		{42209687-FE29-4378-8D77-80D5DB3FE1AE}.Release|Any CPU.ActiveCfg = Release|Any CPU
		{42209687-FE29-4378-8D77-80D5DB3FE1AE}.Release|Any CPU.Build.0 = Release|Any CPU
		{1AE7FCC5-CC81-460E-A9FE-B9FB8913C1A2}.Debug|Any CPU.ActiveCfg = Debug|Any CPU
		{1AE7FCC5-CC81-460E-A9FE-B9FB8913C1A2}.Debug|Any CPU.Build.0 = Debug|Any CPU
		{1AE7FCC5-CC81-460E-A9FE-B9FB8913C1A2}.Release|Any CPU.ActiveCfg = Release|Any CPU
		{1AE7FCC5-CC81-460E-A9FE-B9FB8913C1A2}.Release|Any CPU.Build.0 = Release|Any CPU
	EndGlobalSection
	GlobalSection(SolutionProperties) = preSolution
		HideSolutionNode = FALSE
	EndGlobalSection
	GlobalSection(Performance) = preSolution
		HasPerformanceSessions = true
	EndGlobalSection
EndGlobal
